
Microsoft Visual Studio Solution File, Format Version 12.00
# Visual Studio Version 17
VisualStudioVersion = 17.9.34607.119
MinimumVisualStudioVersion = 10.0.40219.1
Project("{FAE04EC0-301F-11D3-BF4B-00C04F79EFBC}") = "space-invaders-clone-score-api", "space-invaders-clone-score-api\space-invaders-clone-score-api.csproj", "{FF62EA40-8A70-421A-8842-283E0C7A2A89}"
EndProject
Global
	GlobalSection(SolutionConfigurationPlatforms) = preSolution
		Debug|Any CPU = Debug|Any CPU
		Release|Any CPU = Release|Any CPU
	EndGlobalSection
	GlobalSection(ProjectConfigurationPlatforms) = postSolution
		{FF62EA40-8A70-421A-8842-283E0C7A2A89}.Debug|Any CPU.ActiveCfg = Debug|Any CPU
		{FF62EA40-8A70-421A-8842-283E0C7A2A89}.Debug|Any CPU.Build.0 = Debug|Any CPU
		{FF62EA40-8A70-421A-8842-283E0C7A2A89}.Release|Any CPU.ActiveCfg = Release|Any CPU
		{FF62EA40-8A70-421A-8842-283E0C7A2A89}.Release|Any CPU.Build.0 = Release|Any CPU
	EndGlobalSection
	GlobalSection(SolutionProperties) = preSolution
		HideSolutionNode = FALSE
	EndGlobalSection
	GlobalSection(ExtensibilityGlobals) = postSolution
		SolutionGuid = {BED519A7-B971-4E20-968E-43F4A9A95244}
	EndGlobalSection
EndGlobal
